
Microsoft Visual Studio Solution File, Format Version 12.00
# Visual Studio Version 17
VisualStudioVersion = 17.5.33530.505
MinimumVisualStudioVersion = 10.0.40219.1
Project("{FAE04EC0-301F-11D3-BF4B-00C04F79EFBC}") = "Vacancy_Store", "Vacancy_Store\Vacancy_Store.csproj", "{97F89A8F-07BF-465E-87AE-5D1A7840C936}"
EndProject
Global
	GlobalSection(SolutionConfigurationPlatforms) = preSolution
		Debug|Any CPU = Debug|Any CPU
		Release|Any CPU = Release|Any CPU
	EndGlobalSection
	GlobalSection(ProjectConfigurationPlatforms) = postSolution
		{97F89A8F-07BF-465E-87AE-5D1A7840C936}.Debug|Any CPU.ActiveCfg = Debug|Any CPU
		{97F89A8F-07BF-465E-87AE-5D1A7840C936}.Debug|Any CPU.Build.0 = Debug|Any CPU
		{97F89A8F-07BF-465E-87AE-5D1A7840C936}.Release|Any CPU.ActiveCfg = Release|Any CPU
		{97F89A8F-07BF-465E-87AE-5D1A7840C936}.Release|Any CPU.Build.0 = Release|Any CPU
	EndGlobalSection
	GlobalSection(SolutionProperties) = preSolution
		HideSolutionNode = FALSE
	EndGlobalSection
	GlobalSection(ExtensibilityGlobals) = postSolution
		SolutionGuid = {D129B500-D682-4CA9-B901-D0B6FB2879D9}
	EndGlobalSection
EndGlobal
